
Microsoft Visual Studio Solution File, Format Version 12.00
# Visual Studio Version 16
VisualStudioVersion = 16.0.29230.47
MinimumVisualStudioVersion = 10.0.40219.1
Project("{FAE04EC0-301F-11D3-BF4B-00C04F79EFBC}") = "week 1", "week 1.csproj", "{280803E4-3621-42A3-8ED6-6D7EB05F66C8}"
EndProject
Global
	GlobalSection(SolutionConfigurationPlatforms) = preSolution
		Debug|Any CPU = Debug|Any CPU
		Release|Any CPU = Release|Any CPU
	EndGlobalSection
	GlobalSection(ProjectConfigurationPlatforms) = postSolution
		{280803E4-3621-42A3-8ED6-6D7EB05F66C8}.Debug|Any CPU.ActiveCfg = Debug|Any CPU
		{280803E4-3621-42A3-8ED6-6D7EB05F66C8}.Debug|Any CPU.Build.0 = Debug|Any CPU
		{280803E4-3621-42A3-8ED6-6D7EB05F66C8}.Release|Any CPU.ActiveCfg = Release|Any CPU
		{280803E4-3621-42A3-8ED6-6D7EB05F66C8}.Release|Any CPU.Build.0 = Release|Any CPU
	EndGlobalSection
	GlobalSection(SolutionProperties) = preSolution
		HideSolutionNode = FALSE
	EndGlobalSection
	GlobalSection(ExtensibilityGlobals) = postSolution
		SolutionGuid = {B89453EC-EA08-4F81-AA82-16638A3506A8}
	EndGlobalSection
EndGlobal
