
Microsoft Visual Studio Solution File, Format Version 12.00
# Visual Studio Version 16
VisualStudioVersion = 16.0.29709.97
MinimumVisualStudioVersion = 10.0.40219.1
Project("{FAE04EC0-301F-11D3-BF4B-00C04F79EFBC}") = "week 7", "week 7\week 7.csproj", "{7D878F63-F2C5-42C5-AD6F-D8CB45D79FAF}"
EndProject
Global
	GlobalSection(SolutionConfigurationPlatforms) = preSolution
		Debug|Any CPU = Debug|Any CPU
		Release|Any CPU = Release|Any CPU
	EndGlobalSection
	GlobalSection(ProjectConfigurationPlatforms) = postSolution
		{7D878F63-F2C5-42C5-AD6F-D8CB45D79FAF}.Debug|Any CPU.ActiveCfg = Debug|Any CPU
		{7D878F63-F2C5-42C5-AD6F-D8CB45D79FAF}.Debug|Any CPU.Build.0 = Debug|Any CPU
		{7D878F63-F2C5-42C5-AD6F-D8CB45D79FAF}.Release|Any CPU.ActiveCfg = Release|Any CPU
		{7D878F63-F2C5-42C5-AD6F-D8CB45D79FAF}.Release|Any CPU.Build.0 = Release|Any CPU
	EndGlobalSection
	GlobalSection(SolutionProperties) = preSolution
		HideSolutionNode = FALSE
	EndGlobalSection
	GlobalSection(ExtensibilityGlobals) = postSolution
		SolutionGuid = {AE3650C8-8651-441A-92D9-7491239CCD09}
	EndGlobalSection
EndGlobal
