
Microsoft Visual Studio Solution File, Format Version 12.00
# Visual Studio Version 16
VisualStudioVersion = 16.0.29709.97
MinimumVisualStudioVersion = 10.0.40219.1
Project("{F184B08F-C81C-45F6-A57F-5ABD9991F28F}") = "week 2 database", "week 2 database\week 2 database.vbproj", "{6B056FDA-66EB-4C82-9F33-42EA0B0ED98B}"
EndProject
Global
	GlobalSection(SolutionConfigurationPlatforms) = preSolution
		Debug|Any CPU = Debug|Any CPU
		Release|Any CPU = Release|Any CPU
	EndGlobalSection
	GlobalSection(ProjectConfigurationPlatforms) = postSolution
		{6B056FDA-66EB-4C82-9F33-42EA0B0ED98B}.Debug|Any CPU.ActiveCfg = Debug|Any CPU
		{6B056FDA-66EB-4C82-9F33-42EA0B0ED98B}.Debug|Any CPU.Build.0 = Debug|Any CPU
		{6B056FDA-66EB-4C82-9F33-42EA0B0ED98B}.Release|Any CPU.ActiveCfg = Release|Any CPU
		{6B056FDA-66EB-4C82-9F33-42EA0B0ED98B}.Release|Any CPU.Build.0 = Release|Any CPU
	EndGlobalSection
	GlobalSection(SolutionProperties) = preSolution
		HideSolutionNode = FALSE
	EndGlobalSection
	GlobalSection(ExtensibilityGlobals) = postSolution
		SolutionGuid = {C9460CDA-E1D5-4E06-8DCE-CEE89094C4CC}
	EndGlobalSection
EndGlobal
